
Microsoft Visual Studio Solution File, Format Version 12.00
# Visual Studio Version 17
VisualStudioVersion = 17.5.002.0
MinimumVisualStudioVersion = 10.0.40219.1
Project("{9A19103F-16F7-4668-BE54-9A1E7A4F7556}") = "2. Add Two Numbers", "2. Add Two Numbers.csproj", "{E848C165-8AD9-42D3-AC51-7062E8FD4922}"
EndProject
Global
	GlobalSection(SolutionConfigurationPlatforms) = preSolution
		Debug|Any CPU = Debug|Any CPU
		Release|Any CPU = Release|Any CPU
	EndGlobalSection
	GlobalSection(ProjectConfigurationPlatforms) = postSolution
		{E848C165-8AD9-42D3-AC51-7062E8FD4922}.Debug|Any CPU.ActiveCfg = Debug|Any CPU
		{E848C165-8AD9-42D3-AC51-7062E8FD4922}.Debug|Any CPU.Build.0 = Debug|Any CPU
		{E848C165-8AD9-42D3-AC51-7062E8FD4922}.Release|Any CPU.ActiveCfg = Release|Any CPU
		{E848C165-8AD9-42D3-AC51-7062E8FD4922}.Release|Any CPU.Build.0 = Release|Any CPU
	EndGlobalSection
	GlobalSection(SolutionProperties) = preSolution
		HideSolutionNode = FALSE
	EndGlobalSection
	GlobalSection(ExtensibilityGlobals) = postSolution
		SolutionGuid = {99CDDF19-8274-4E72-A4EB-4441F87C05E9}
	EndGlobalSection
EndGlobal
