
Microsoft Visual Studio Solution File, Format Version 12.00
# Visual Studio Version 17
VisualStudioVersion = 17.5.002.0
MinimumVisualStudioVersion = 10.0.40219.1
Project("{9A19103F-16F7-4668-BE54-9A1E7A4F7556}") = "287. Find the Duplicate Number", "287. Find the Duplicate Number.csproj", "{E54E6161-E1A5-484F-BE17-147BD5929961}"
EndProject
Global
	GlobalSection(SolutionConfigurationPlatforms) = preSolution
		Debug|Any CPU = Debug|Any CPU
		Release|Any CPU = Release|Any CPU
	EndGlobalSection
	GlobalSection(ProjectConfigurationPlatforms) = postSolution
		{E54E6161-E1A5-484F-BE17-147BD5929961}.Debug|Any CPU.ActiveCfg = Debug|Any CPU
		{E54E6161-E1A5-484F-BE17-147BD5929961}.Debug|Any CPU.Build.0 = Debug|Any CPU
		{E54E6161-E1A5-484F-BE17-147BD5929961}.Release|Any CPU.ActiveCfg = Release|Any CPU
		{E54E6161-E1A5-484F-BE17-147BD5929961}.Release|Any CPU.Build.0 = Release|Any CPU
	EndGlobalSection
	GlobalSection(SolutionProperties) = preSolution
		HideSolutionNode = FALSE
	EndGlobalSection
	GlobalSection(ExtensibilityGlobals) = postSolution
		SolutionGuid = {7A9EAFBC-C4ED-4796-A672-54519A528F3C}
	EndGlobalSection
EndGlobal
