
Microsoft Visual Studio Solution File, Format Version 12.00
# Visual Studio Version 17
VisualStudioVersion = 17.5.002.0
MinimumVisualStudioVersion = 10.0.40219.1
Project("{9A19103F-16F7-4668-BE54-9A1E7A4F7556}") = "853. Car Fleet", "853. Car Fleet.csproj", "{697B5296-9A2F-4629-89DE-6C07ACE3C2C3}"
EndProject
Global
	GlobalSection(SolutionConfigurationPlatforms) = preSolution
		Debug|Any CPU = Debug|Any CPU
		Release|Any CPU = Release|Any CPU
	EndGlobalSection
	GlobalSection(ProjectConfigurationPlatforms) = postSolution
		{697B5296-9A2F-4629-89DE-6C07ACE3C2C3}.Debug|Any CPU.ActiveCfg = Debug|Any CPU
		{697B5296-9A2F-4629-89DE-6C07ACE3C2C3}.Debug|Any CPU.Build.0 = Debug|Any CPU
		{697B5296-9A2F-4629-89DE-6C07ACE3C2C3}.Release|Any CPU.ActiveCfg = Release|Any CPU
		{697B5296-9A2F-4629-89DE-6C07ACE3C2C3}.Release|Any CPU.Build.0 = Release|Any CPU
	EndGlobalSection
	GlobalSection(SolutionProperties) = preSolution
		HideSolutionNode = FALSE
	EndGlobalSection
	GlobalSection(ExtensibilityGlobals) = postSolution
		SolutionGuid = {29EC7E35-642A-4949-B07F-0D2DA61AEACA}
	EndGlobalSection
EndGlobal
