
Microsoft Visual Studio Solution File, Format Version 12.00
# Visual Studio Version 17
VisualStudioVersion = 17.7.34221.43
MinimumVisualStudioVersion = 10.0.40219.1
Project("{FAE04EC0-301F-11D3-BF4B-00C04F79EFBC}") = "Find Minimum in Rotated Sorted Array", "Find Minimum in Rotated Sorted Array.csproj", "{E491A0D7-077F-43BE-AD06-D4475701EDA0}"
EndProject
Global
	GlobalSection(SolutionConfigurationPlatforms) = preSolution
		Debug|Any CPU = Debug|Any CPU
		Release|Any CPU = Release|Any CPU
	EndGlobalSection
	GlobalSection(ProjectConfigurationPlatforms) = postSolution
		{E491A0D7-077F-43BE-AD06-D4475701EDA0}.Debug|Any CPU.ActiveCfg = Debug|Any CPU
		{E491A0D7-077F-43BE-AD06-D4475701EDA0}.Debug|Any CPU.Build.0 = Debug|Any CPU
		{E491A0D7-077F-43BE-AD06-D4475701EDA0}.Release|Any CPU.ActiveCfg = Release|Any CPU
		{E491A0D7-077F-43BE-AD06-D4475701EDA0}.Release|Any CPU.Build.0 = Release|Any CPU
	EndGlobalSection
	GlobalSection(SolutionProperties) = preSolution
		HideSolutionNode = FALSE
	EndGlobalSection
	GlobalSection(ExtensibilityGlobals) = postSolution
		SolutionGuid = {8ADBE810-CCAE-4CA0-897A-F3269E58770F}
	EndGlobalSection
EndGlobal
