
Microsoft Visual Studio Solution File, Format Version 12.00
# Visual Studio Version 17
VisualStudioVersion = 17.7.34202.233
MinimumVisualStudioVersion = 10.0.40219.1
Project("{FAE04EC0-301F-11D3-BF4B-00C04F79EFBC}") = "IsPalindrome", "IsPalindrome.csproj", "{6CF677AD-0201-473D-A2B0-A854D0803C02}"
EndProject
Global
	GlobalSection(SolutionConfigurationPlatforms) = preSolution
		Debug|Any CPU = Debug|Any CPU
		Release|Any CPU = Release|Any CPU
	EndGlobalSection
	GlobalSection(ProjectConfigurationPlatforms) = postSolution
		{6CF677AD-0201-473D-A2B0-A854D0803C02}.Debug|Any CPU.ActiveCfg = Debug|Any CPU
		{6CF677AD-0201-473D-A2B0-A854D0803C02}.Debug|Any CPU.Build.0 = Debug|Any CPU
		{6CF677AD-0201-473D-A2B0-A854D0803C02}.Release|Any CPU.ActiveCfg = Release|Any CPU
		{6CF677AD-0201-473D-A2B0-A854D0803C02}.Release|Any CPU.Build.0 = Release|Any CPU
	EndGlobalSection
	GlobalSection(SolutionProperties) = preSolution
		HideSolutionNode = FALSE
	EndGlobalSection
	GlobalSection(ExtensibilityGlobals) = postSolution
		SolutionGuid = {E5AEF3A6-FE97-4056-9DF2-FC743C3EB2F4}
	EndGlobalSection
EndGlobal
